// !$*UTF8*$!
{
	archiveVersion = 1;
	classes = {
	};
	objectVersion = 46;
	objects = {

/* Begin PBXBuildFile section */
		743FDBE61F5FF7E00051FB0B /* AppDelegate.swift in Sources */ = {isa = PBXBuildFile; fileRef = 743FDBE51F5FF7E00051FB0B /* AppDelegate.swift */; };
		743FDBE81F5FF7E00051FB0B /* ViewController.swift in Sources */ = {isa = PBXBuildFile; fileRef = 743FDBE71F5FF7E00051FB0B /* ViewController.swift */; };
		743FDBEB1F5FF7E00051FB0B /* Main.storyboard in Resources */ = {isa = PBXBuildFile; fileRef = 743FDBE91F5FF7E00051FB0B /* Main.storyboard */; };
		743FDBED1F5FF7E00051FB0B /* Assets.xcassets in Resources */ = {isa = PBXBuildFile; fileRef = 743FDBEC1F5FF7E00051FB0B /* Assets.xcassets */; };
		743FDBF01F5FF7E00051FB0B /* LaunchScreen.storyboard in Resources */ = {isa = PBXBuildFile; fileRef = 743FDBEE1F5FF7E00051FB0B /* LaunchScreen.storyboard */; };
		743FDBFA1F5FFC770051FB0B /* Search.swift in Sources */ = {isa = PBXBuildFile; fileRef = 743FDBF91F5FFC770051FB0B /* Search.swift */; };
		74D178B81F69465000CE1804 /* SeaViewController.swift in Sources */ = {isa = PBXBuildFile; fileRef = 74D178B71F69465000CE1804 /* SeaViewController.swift */; };
		EEFF361923BEA1335BCB5E93 /* Pods_ModelObject.framework in Frameworks */ = {isa = PBXBuildFile; fileRef = A5A930B430DFC63D7247ED74 /* Pods_ModelObject.framework */; };
/* End PBXBuildFile section */

/* Begin PBXFileReference section */
		743FDBE21F5FF7E00051FB0B /* ModelObject.app */ = {isa = PBXFileReference; explicitFileType = wrapper.application; includeInIndex = 0; path = ModelObject.app; sourceTree = BUILT_PRODUCTS_DIR; };
		743FDBE51F5FF7E00051FB0B /* AppDelegate.swift */ = {isa = PBXFileReference; lastKnownFileType = sourcecode.swift; path = AppDelegate.swift; sourceTree = "<group>"; };
		743FDBE71F5FF7E00051FB0B /* ViewController.swift */ = {isa = PBXFileReference; lastKnownFileType = sourcecode.swift; path = ViewController.swift; sourceTree = "<group>"; };
		743FDBEA1F5FF7E00051FB0B /* Base */ = {isa = PBXFileReference; lastKnownFileType = file.storyboard; name = Base; path = Base.lproj/Main.storyboard; sourceTree = "<group>"; };
		743FDBEC1F5FF7E00051FB0B /* Assets.xcassets */ = {isa = PBXFileReference; lastKnownFileType = folder.assetcatalog; path = Assets.xcassets; sourceTree = "<group>"; };
		743FDBEF1F5FF7E00051FB0B /* Base */ = {isa = PBXFileReference; lastKnownFileType = file.storyboard; name = Base; path = Base.lproj/LaunchScreen.storyboard; sourceTree = "<group>"; };
		743FDBF11F5FF7E00051FB0B /* Info.plist */ = {isa = PBXFileReference; lastKnownFileType = text.plist.xml; path = Info.plist; sourceTree = "<group>"; };
		743FDBF91F5FFC770051FB0B /* Search.swift */ = {isa = PBXFileReference; fileEncoding = 4; lastKnownFileType = sourcecode.swift; name = Search.swift; path = ../Search.swift; sourceTree = "<group>"; };
		74D178B71F69465000CE1804 /* SeaViewController.swift */ = {isa = PBXFileReference; fileEncoding = 4; lastKnownFileType = sourcecode.swift; path = SeaViewController.swift; sourceTree = "<group>"; };
		8A5B4D19C75B3DB42F8C2794 /* Pods-ModelObject.debug.xcconfig */ = {isa = PBXFileReference; includeInIndex = 1; lastKnownFileType = text.xcconfig; name = "Pods-ModelObject.debug.xcconfig"; path = "Pods/Target Support Files/Pods-ModelObject/Pods-ModelObject.debug.xcconfig"; sourceTree = "<group>"; };
		A5A930B430DFC63D7247ED74 /* Pods_ModelObject.framework */ = {isa = PBXFileReference; explicitFileType = wrapper.framework; includeInIndex = 0; path = Pods_ModelObject.framework; sourceTree = BUILT_PRODUCTS_DIR; };
		DC6CD014AE57D204599460B7 /* Pods-ModelObject.release.xcconfig */ = {isa = PBXFileReference; includeInIndex = 1; lastKnownFileType = text.xcconfig; name = "Pods-ModelObject.release.xcconfig"; path = "Pods/Target Support Files/Pods-ModelObject/Pods-ModelObject.release.xcconfig"; sourceTree = "<group>"; };
/* End PBXFileReference section */

/* Begin PBXFrameworksBuildPhase section */
		743FDBDF1F5FF7E00051FB0B /* Frameworks */ = {
			isa = PBXFrameworksBuildPhase;
			buildActionMask = 2147483647;
			files = (
				EEFF361923BEA1335BCB5E93 /* Pods_ModelObject.framework in Frameworks */,
			);
			runOnlyForDeploymentPostprocessing = 0;
		};
/* End PBXFrameworksBuildPhase section */

/* Begin PBXGroup section */
		5FFD7AEE93A83E956709B6D8 /* Pods */ = {
			isa = PBXGroup;
			children = (
				8A5B4D19C75B3DB42F8C2794 /* Pods-ModelObject.debug.xcconfig */,
				DC6CD014AE57D204599460B7 /* Pods-ModelObject.release.xcconfig */,
			);
			name = Pods;
			sourceTree = "<group>";
		};
		743FDBD91F5FF7E00051FB0B = {
			isa = PBXGroup;
			children = (
				743FDBE41F5FF7E00051FB0B /* ModelObject */,
				743FDBE31F5FF7E00051FB0B /* Products */,
				5FFD7AEE93A83E956709B6D8 /* Pods */,
				B67C6E08DBB51113BF7E4FBE /* Frameworks */,
			);
			sourceTree = "<group>";
		};
		743FDBE31F5FF7E00051FB0B /* Products */ = {
			isa = PBXGroup;
			children = (
				743FDBE21F5FF7E00051FB0B /* ModelObject.app */,
			);
			name = Products;
			sourceTree = "<group>";
		};
		743FDBE41F5FF7E00051FB0B /* ModelObject */ = {
			isa = PBXGroup;
			children = (
				743FDBE51F5FF7E00051FB0B /* AppDelegate.swift */,
				743FDBE71F5FF7E00051FB0B /* ViewController.swift */,
				743FDBF91F5FFC770051FB0B /* Search.swift */,
				743FDBE91F5FF7E00051FB0B /* Main.storyboard */,
				74D178B71F69465000CE1804 /* SeaViewController.swift */,
				743FDBEC1F5FF7E00051FB0B /* Assets.xcassets */,
				743FDBEE1F5FF7E00051FB0B /* LaunchScreen.storyboard */,
				743FDBF11F5FF7E00051FB0B /* Info.plist */,
			);
			path = ModelObject;
			sourceTree = "<group>";
		};
		B67C6E08DBB51113BF7E4FBE /* Frameworks */ = {
			isa = PBXGroup;
			children = (
				A5A930B430DFC63D7247ED74 /* Pods_ModelObject.framework */,
			);
			name = Frameworks;
			sourceTree = "<group>";
		};
/* End PBXGroup section */

/* Begin PBXNativeTarget section */
		743FDBE11F5FF7E00051FB0B /* ModelObject */ = {
			isa = PBXNativeTarget;
			buildConfigurationList = 743FDBF41F5FF7E00051FB0B /* Build configuration list for PBXNativeTarget "ModelObject" */;
			buildPhases = (
				293467B244F89F802E0D3892 /* [CP] Check Pods Manifest.lock */,
				743FDBDE1F5FF7E00051FB0B /* Sources */,
				743FDBDF1F5FF7E00051FB0B /* Frameworks */,
				743FDBE01F5FF7E00051FB0B /* Resources */,
				0D0F7EDA572FDCB09EEC6DDA /* [CP] Embed Pods Frameworks */,
				06D05807FF7111E601D6810F /* [CP] Copy Pods Resources */,
			);
			buildRules = (
			);
			dependencies = (
			);
			name = ModelObject;
			productName = ModelObject;
			productReference = 743FDBE21F5FF7E00051FB0B /* ModelObject.app */;
			productType = "com.apple.product-type.application";
		};
/* End PBXNativeTarget section */

/* Begin PBXProject section */
		743FDBDA1F5FF7E00051FB0B /* Project object */ = {
			isa = PBXProject;
			attributes = {
				LastSwiftUpdateCheck = 0830;
				LastUpgradeCheck = 0830;
				ORGANIZATIONNAME = iMicron_IOSDev;
				TargetAttributes = {
					743FDBE11F5FF7E00051FB0B = {
						CreatedOnToolsVersion = 8.3.3;
						DevelopmentTeam = 7K83RUR745;
						ProvisioningStyle = Automatic;
					};
				};
			};
			buildConfigurationList = 743FDBDD1F5FF7E00051FB0B /* Build configuration list for PBXProject "ModelObject" */;
			compatibilityVersion = "Xcode 3.2";
			developmentRegion = English;
			hasScannedForEncodings = 0;
			knownRegions = (
				en,
				Base,
			);
			mainGroup = 743FDBD91F5FF7E00051FB0B;
			productRefGroup = 743FDBE31F5FF7E00051FB0B /* Products */;
			projectDirPath = "";
			projectRoot = "";
			targets = (
				743FDBE11F5FF7E00051FB0B /* ModelObject */,
			);
		};
/* End PBXProject section */

/* Begin PBXResourcesBuildPhase section */
		743FDBE01F5FF7E00051FB0B /* Resources */ = {
			isa = PBXResourcesBuildPhase;
			buildActionMask = 2147483647;
			files = (
				743FDBF01F5FF7E00051FB0B /* LaunchScreen.storyboard in Resources */,
				743FDBED1F5FF7E00051FB0B /* Assets.xcassets in Resources */,
				743FDBEB1F5FF7E00051FB0B /* Main.storyboard in Resources */,
			);
			runOnlyForDeploymentPostprocessing = 0;
		};
/* End PBXResourcesBuildPhase section */

/* Begin PBXShellScriptBuildPhase section */
		06D05807FF7111E601D6810F /* [CP] Copy Pods Resources */ = {
			isa = PBXShellScriptBuildPhase;
			buildActionMask = 2147483647;
			files = (
			);
			inputPaths = (
			);
			name = "[CP] Copy Pods Resources";
			outputPaths = (
			);
			runOnlyForDeploymentPostprocessing = 0;
			shellPath = /bin/sh;
			shellScript = "\"${SRCROOT}/Pods/Target Support Files/Pods-ModelObject/Pods-ModelObject-resources.sh\"\n";
			showEnvVarsInLog = 0;
		};
		0D0F7EDA572FDCB09EEC6DDA /* [CP] Embed Pods Frameworks */ = {
			isa = PBXShellScriptBuildPhase;
			buildActionMask = 2147483647;
			files = (
			);
			inputPaths = (
			);
			name = "[CP] Embed Pods Frameworks";
			outputPaths = (
			);
			runOnlyForDeploymentPostprocessing = 0;
			shellPath = /bin/sh;
			shellScript = "\"${SRCROOT}/Pods/Target Support Files/Pods-ModelObject/Pods-ModelObject-frameworks.sh\"\n";
			showEnvVarsInLog = 0;
		};
		293467B244F89F802E0D3892 /* [CP] Check Pods Manifest.lock */ = {
			isa = PBXShellScriptBuildPhase;
			buildActionMask = 2147483647;
			files = (
			);
			inputPaths = (
			);
			name = "[CP] Check Pods Manifest.lock";
			outputPaths = (
			);
			runOnlyForDeploymentPostprocessing = 0;
			shellPath = /bin/sh;
			shellScript = "diff \"${PODS_ROOT}/../Podfile.lock\" \"${PODS_ROOT}/Manifest.lock\" > /dev/null\nif [ $? != 0 ] ; then\n    # print error to STDERR\n    echo \"error: The sandbox is not in sync with the Podfile.lock. Run 'pod install' or update your CocoaPods installation.\" >&2\n    exit 1\nfi\n";
			showEnvVarsInLog = 0;
		};
/* End PBXShellScriptBuildPhase section */

/* Begin PBXSourcesBuildPhase section */
		743FDBDE1F5FF7E00051FB0B /* Sources */ = {
			isa = PBXSourcesBuildPhase;
			buildActionMask = 2147483647;
			files = (
				743FDBFA1F5FFC770051FB0B /* Search.swift in Sources */,
				743FDBE81F5FF7E00051FB0B /* ViewController.swift in Sources */,
				74D178B81F69465000CE1804 /* SeaViewController.swift in Sources */,
				743FDBE61F5FF7E00051FB0B /* AppDelegate.swift in Sources */,
			);
			runOnlyForDeploymentPostprocessing = 0;
		};
/* End PBXSourcesBuildPhase section */

/* Begin PBXVariantGroup section */
		743FDBE91F5FF7E00051FB0B /* Main.storyboard */ = {
			isa = PBXVariantGroup;
			children = (
				743FDBEA1F5FF7E00051FB0B /* Base */,
			);
			name = Main.storyboard;
			sourceTree = "<group>";
		};
		743FDBEE1F5FF7E00051FB0B /* LaunchScreen.storyboard */ = {
			isa = PBXVariantGroup;
			children = (
				743FDBEF1F5FF7E00051FB0B /* Base */,
			);
			name = LaunchScreen.storyboard;
			sourceTree = "<group>";
		};
/* End PBXVariantGroup section */

/* Begin XCBuildConfiguration section */
		743FDBF21F5FF7E00051FB0B /* Debug */ = {
			isa = XCBuildConfiguration;
			buildSettings = {
				ALWAYS_SEARCH_USER_PATHS = NO;
				CLANG_ANALYZER_NONNULL = YES;
				CLANG_ANALYZER_NUMBER_OBJECT_CONVERSION = YES_AGGRESSIVE;
				CLANG_CXX_LANGUAGE_STANDARD = "gnu++0x";
				CLANG_CXX_LIBRARY = "libc++";
				CLANG_ENABLE_MODULES = YES;
				CLANG_ENABLE_OBJC_ARC = YES;
				CLANG_WARN_BOOL_CONVERSION = YES;
				CLANG_WARN_CONSTANT_CONVERSION = YES;
				CLANG_WARN_DIRECT_OBJC_ISA_USAGE = YES_ERROR;
				CLANG_WARN_DOCUMENTATION_COMMENTS = YES;
				CLANG_WARN_EMPTY_BODY = YES;
				CLANG_WARN_ENUM_CONVERSION = YES;
				CLANG_WARN_INFINITE_RECURSION = YES;
				CLANG_WARN_INT_CONVERSION = YES;
				CLANG_WARN_OBJC_ROOT_CLASS = YES_ERROR;
				CLANG_WARN_SUSPICIOUS_MOVE = YES;
				CLANG_WARN_UNREACHABLE_CODE = YES;
				CLANG_WARN__DUPLICATE_METHOD_MATCH = YES;
				"CODE_SIGN_IDENTITY[sdk=iphoneos*]" = "iPhone Developer";
				COPY_PHASE_STRIP = NO;
				DEBUG_INFORMATION_FORMAT = dwarf;
				ENABLE_STRICT_OBJC_MSGSEND = YES;
				ENABLE_TESTABILITY = YES;
				GCC_C_LANGUAGE_STANDARD = gnu99;
				GCC_DYNAMIC_NO_PIC = NO;
				GCC_NO_COMMON_BLOCKS = YES;
				GCC_OPTIMIZATION_LEVEL = 0;
				GCC_PREPROCESSOR_DEFINITIONS = (
					"DEBUG=1",
					"$(inherited)",
				);
				GCC_WARN_64_TO_32_BIT_CONVERSION = YES;
				GCC_WARN_ABOUT_RETURN_TYPE = YES_ERROR;
				GCC_WARN_UNDECLARED_SELECTOR = YES;
				GCC_WARN_UNINITIALIZED_AUTOS = YES_AGGRESSIVE;
				GCC_WARN_UNUSED_FUNCTION = YES;
				GCC_WARN_UNUSED_VARIABLE = YES;
				IPHONEOS_DEPLOYMENT_TARGET = 10.3;
				MTL_ENABLE_DEBUG_INFO = YES;
				ONLY_ACTIVE_ARCH = YES;
				SDKROOT = iphoneos;
				SWIFT_ACTIVE_COMPILATION_CONDITIONS = DEBUG;
				SWIFT_OPTIMIZATION_LEVEL = "-Onone";
				TARGETED_DEVICE_FAMILY = "1,2";
			};
			name = Debug;
		};
		743FDBF31F5FF7E00051FB0B /* Release */ = {
			isa = XCBuildConfiguration;
			buildSettings = {
				ALWAYS_SEARCH_USER_PATHS = NO;
				CLANG_ANALYZER_NONNULL = YES;
				CLANG_ANALYZER_NUMBER_OBJECT_CONVERSION = YES_AGGRESSIVE;
				CLANG_CXX_LANGUAGE_STANDARD = "gnu++0x";
				CLANG_CXX_LIBRARY = "libc++";
				CLANG_ENABLE_MODULES = YES;
				CLANG_ENABLE_OBJC_ARC = YES;
				CLANG_WARN_BOOL_CONVERSION = YES;
				CLANG_WARN_CONSTANT_CONVERSION = YES;
				CLANG_WARN_DIRECT_OBJC_ISA_USAGE = YES_ERROR;
				CLANG_WARN_DOCUMENTATION_COMMENTS = YES;
				CLANG_WARN_EMPTY_BODY = YES;
				CLANG_WARN_ENUM_CONVERSION = YES;
				CLANG_WARN_INFINITE_RECURSION = YES;
				CLANG_WARN_INT_CONVERSION = YES;
				CLANG_WARN_OBJC_ROOT_CLASS = YES_ERROR;
				CLANG_WARN_SUSPICIOUS_MOVE = YES;
				CLANG_WARN_UNREACHABLE_CODE = YES;
				CLANG_WARN__DUPLICATE_METHOD_MATCH = YES;
				"CODE_SIGN_IDENTITY[sdk=iphoneos*]" = "iPhone Developer";
				COPY_PHASE_STRIP = NO;
				DEBUG_INFORMATION_FORMAT = "dwarf-with-dsym";
				ENABLE_NS_ASSERTIONS = NO;
				ENABLE_STRICT_OBJC_MSGSEND = YES;
				GCC_C_LANGUAGE_STANDARD = gnu99;
				GCC_NO_COMMON_BLOCKS = YES;
				GCC_WARN_64_TO_32_BIT_CONVERSION = YES;
				GCC_WARN_ABOUT_RETURN_TYPE = YES_ERROR;
				GCC_WARN_UNDECLARED_SELECTOR = YES;
				GCC_WARN_UNINITIALIZED_AUTOS = YES_AGGRESSIVE;
				GCC_WARN_UNUSED_FUNCTION = YES;
				GCC_WARN_UNUSED_VARIABLE = YES;
				IPHONEOS_DEPLOYMENT_TARGET = 10.3;
				MTL_ENABLE_DEBUG_INFO = NO;
				SDKROOT = iphoneos;
				SWIFT_OPTIMIZATION_LEVEL = "-Owholemodule";
				TARGETED_DEVICE_FAMILY = "1,2";
				VALIDATE_PRODUCT = YES;
			};
			name = Release;
		};
		743FDBF51F5FF7E00051FB0B /* Debug */ = {
			isa = XCBuildConfiguration;
			baseConfigurationReference = 8A5B4D19C75B3DB42F8C2794 /* Pods-ModelObject.debug.xcconfig */;
			buildSettings = {
				ASSETCATALOG_COMPILER_APPICON_NAME = AppIcon;
				DEVELOPMENT_TEAM = 7K83RUR745;
				INFOPLIST_FILE = ModelObject/Info.plist;
				LD_RUNPATH_SEARCH_PATHS = "$(inherited) @executable_path/Frameworks";
				PRODUCT_BUNDLE_IDENTIFIER = com.TechWave.ModelObject;
				PRODUCT_NAME = "$(TARGET_NAME)";
				SWIFT_VERSION = 3.0;
			};
			name = Debug;
		};
		743FDBF61F5FF7E00051FB0B /* Release */ = {
			isa = XCBuildConfiguration;
			baseConfigurationReference = DC6CD014AE57D204599460B7 /* Pods-ModelObject.release.xcconfig */;
			buildSettings = {
				ASSETCATALOG_COMPILER_APPICON_NAME = AppIcon;
				DEVELOPMENT_TEAM = 7K83RUR745;
				INFOPLIST_FILE = ModelObject/Info.plist;
				LD_RUNPATH_SEARCH_PATHS = "$(inherited) @executable_path/Frameworks";
				PRODUCT_BUNDLE_IDENTIFIER = com.TechWave.ModelObject;
				PRODUCT_NAME = "$(TARGET_NAME)";
				SWIFT_VERSION = 3.0;
			};
			name = Release;
		};
/* End XCBuildConfiguration section */

/* Begin XCConfigurationList section */
		743FDBDD1F5FF7E00051FB0B /* Build configuration list for PBXProject "ModelObject" */ = {
			isa = XCConfigurationList;
			buildConfigurations = (
				743FDBF21F5FF7E00051FB0B /* Debug */,
				743FDBF31F5FF7E00051FB0B /* Release */,
			);
			defaultConfigurationIsVisible = 0;
			defaultConfigurationName = Release;
		};
		743FDBF41F5FF7E00051FB0B /* Build configuration list for PBXNativeTarget "ModelObject" */ = {
			isa = XCConfigurationList;
			buildConfigurations = (
				743FDBF51F5FF7E00051FB0B /* Debug */,
				743FDBF61F5FF7E00051FB0B /* Release */,
			);
			defaultConfigurationIsVisible = 0;
			defaultConfigurationName = Release;
		};
/* End XCConfigurationList section */
	};
	rootObject = 743FDBDA1F5FF7E00051FB0B /* Project object */;
}
